
Microsoft Visual Studio Solution File, Format Version 12.00
# Visual Studio 15
VisualStudioVersion = 15.0.26606.0
MinimumVisualStudioVersion = 10.0.40219.1
Project("{FAE04EC0-301F-11D3-BF4B-00C04F79EFBC}") = "CoopSharp", "CoopSharp\CoopSharp.csproj", "{3EBD9DD0-4957-42A2-832B-4FE18F259A70}"
EndProject
Project("{9A19103F-16F7-4668-BE54-9A1E7A4F7556}") = "CoopSharp.Tests", "CoopSharp.Tests\CoopSharp.Tests.csproj", "{0B833046-D4B5-4229-8E6E-B5B4E8E90CF1}"
EndProject
Project("{9A19103F-16F7-4668-BE54-9A1E7A4F7556}") = "CoopSharp.Demo", "CoopSharp.Demo\CoopSharp.Demo.csproj", "{6A9AD146-9321-4DB1-B537-15C65818D31C}"
EndProject
Global
	GlobalSection(SolutionConfigurationPlatforms) = preSolution
		Debug|Any CPU = Debug|Any CPU
		Release|Any CPU = Release|Any CPU
	EndGlobalSection
	GlobalSection(ProjectConfigurationPlatforms) = postSolution
		{3EBD9DD0-4957-42A2-832B-4FE18F259A70}.Debug|Any CPU.ActiveCfg = Debug|Any CPU
		{3EBD9DD0-4957-42A2-832B-4FE18F259A70}.Debug|Any CPU.Build.0 = Debug|Any CPU
		{3EBD9DD0-4957-42A2-832B-4FE18F259A70}.Release|Any CPU.ActiveCfg = Release|Any CPU
		{3EBD9DD0-4957-42A2-832B-4FE18F259A70}.Release|Any CPU.Build.0 = Release|Any CPU
		{0B833046-D4B5-4229-8E6E-B5B4E8E90CF1}.Debug|Any CPU.ActiveCfg = Debug|Any CPU
		{0B833046-D4B5-4229-8E6E-B5B4E8E90CF1}.Debug|Any CPU.Build.0 = Debug|Any CPU
		{0B833046-D4B5-4229-8E6E-B5B4E8E90CF1}.Release|Any CPU.ActiveCfg = Release|Any CPU
		{0B833046-D4B5-4229-8E6E-B5B4E8E90CF1}.Release|Any CPU.Build.0 = Release|Any CPU
		{6A9AD146-9321-4DB1-B537-15C65818D31C}.Debug|Any CPU.ActiveCfg = Debug|Any CPU
		{6A9AD146-9321-4DB1-B537-15C65818D31C}.Debug|Any CPU.Build.0 = Debug|Any CPU
		{6A9AD146-9321-4DB1-B537-15C65818D31C}.Release|Any CPU.ActiveCfg = Release|Any CPU
		{6A9AD146-9321-4DB1-B537-15C65818D31C}.Release|Any CPU.Build.0 = Release|Any CPU
	EndGlobalSection
	GlobalSection(SolutionProperties) = preSolution
		HideSolutionNode = FALSE
	EndGlobalSection
EndGlobal
